# THIS IS AN AUTOGENERATED FILE. DO NOT EDIT THIS FILE DIRECTLY.
# yarn lockfile v1


"@willbooster/renovate-config@^3.0.0":
  version "3.0.0"
  resolved "https://registry.yarnpkg.com/@willbooster/renovate-config/-/renovate-config-3.0.0.tgz#9730e7c634a99cd4b067fe549a99b437eddda8b6"
  integrity sha512-uGB3CeHzphzZIABLQRQoyOpdWlXeuSArJyaGJ8Y9yggBlTPUtkJKwK+cIQgURkH5Y4/+0FWmxEgwlS/A/84l+g==
