# THIS IS AN AUTOGENERATED FILE. DO NOT EDIT THIS FILE DIRECTLY.
# yarn lockfile v1


"@willbooster/renovate-config@^6.3.0":
  version "6.3.0"
  resolved "https://registry.yarnpkg.com/@willbooster/renovate-config/-/renovate-config-6.3.0.tgz#688574b7668381cad263fec6d341cce64b986434"
  integrity sha512-kkVrhh4xpIUbpVJ8io1cC+tSI0EQBvmqxwMCCsOVTJwPlM600O8EZJ7YWSxbm6wvKWyzV/8zgLtuUjpiFouEDQ==
